
Microsoft Visual Studio Solution File, Format Version 12.00
# Visual Studio 16
Project("{FAE04EC0-301F-11D3-BF4B-00C04F79EFBC}") = "Assembly-CSharp", "Assembly-CSharp.csproj", "{3455A4CD-6287-8018-C178-45D495F9BEAD}"
EndProject
Global
	GlobalSection(SolutionConfigurationPlatforms) = preSolution
		Debug|Any CPU = Debug|Any CPU
		Release|Any CPU = Release|Any CPU
	EndGlobalSection
	GlobalSection(ProjectConfigurationPlatforms) = postSolution
		{3455A4CD-6287-8018-C178-45D495F9BEAD}.Debug|Any CPU.ActiveCfg = Debug|Any CPU
		{3455A4CD-6287-8018-C178-45D495F9BEAD}.Debug|Any CPU.Build.0 = Debug|Any CPU
		{3455A4CD-6287-8018-C178-45D495F9BEAD}.Release|Any CPU.ActiveCfg = Release|Any CPU
		{3455A4CD-6287-8018-C178-45D495F9BEAD}.Release|Any CPU.Build.0 = Release|Any CPU
	EndGlobalSection
	GlobalSection(SolutionProperties) = preSolution
		HideSolutionNode = FALSE
	EndGlobalSection
EndGlobal
